
Microsoft Visual Studio Solution File, Format Version 12.00
# Visual Studio Version 16
VisualStudioVersion = 16.0.31410.357
MinimumVisualStudioVersion = 10.0.40219.1
Project("{9A19103F-16F7-4668-BE54-9A1E7A4F7556}") = "Hastane.Yonetimi", "Hastane.Yonetimi\Hastane.Yonetimi.csproj", "{FC984D79-5F4A-4DF7-BF0E-6AFD40BE17EE}"
EndProject
Project("{FAE04EC0-301F-11D3-BF4B-00C04F79EFBC}") = "Entity", "Entity\Entity.csproj", "{6C7EDA7D-3763-4C57-9CAC-7879081B08EF}"
EndProject
Project("{FAE04EC0-301F-11D3-BF4B-00C04F79EFBC}") = "Buisnessmanagement", "Buisnessmanagement\Buisnessmanagement.csproj", "{353687AC-AADE-4203-AE1B-97CC71744CEC}"
EndProject
Project("{FAE04EC0-301F-11D3-BF4B-00C04F79EFBC}") = "indextGet", "indextGet\indextGet.csproj", "{456BDE1A-448F-4112-9D22-FB72D251AB51}"
EndProject
Global
	GlobalSection(SolutionConfigurationPlatforms) = preSolution
		Debug|Any CPU = Debug|Any CPU
		Release|Any CPU = Release|Any CPU
	EndGlobalSection
	GlobalSection(ProjectConfigurationPlatforms) = postSolution
		{FC984D79-5F4A-4DF7-BF0E-6AFD40BE17EE}.Debug|Any CPU.ActiveCfg = Debug|Any CPU
		{FC984D79-5F4A-4DF7-BF0E-6AFD40BE17EE}.Debug|Any CPU.Build.0 = Debug|Any CPU
		{FC984D79-5F4A-4DF7-BF0E-6AFD40BE17EE}.Release|Any CPU.ActiveCfg = Release|Any CPU
		{FC984D79-5F4A-4DF7-BF0E-6AFD40BE17EE}.Release|Any CPU.Build.0 = Release|Any CPU
		{6C7EDA7D-3763-4C57-9CAC-7879081B08EF}.Debug|Any CPU.ActiveCfg = Debug|Any CPU
		{6C7EDA7D-3763-4C57-9CAC-7879081B08EF}.Debug|Any CPU.Build.0 = Debug|Any CPU
		{6C7EDA7D-3763-4C57-9CAC-7879081B08EF}.Release|Any CPU.ActiveCfg = Release|Any CPU
		{6C7EDA7D-3763-4C57-9CAC-7879081B08EF}.Release|Any CPU.Build.0 = Release|Any CPU
		{353687AC-AADE-4203-AE1B-97CC71744CEC}.Debug|Any CPU.ActiveCfg = Debug|Any CPU
		{353687AC-AADE-4203-AE1B-97CC71744CEC}.Debug|Any CPU.Build.0 = Debug|Any CPU
		{353687AC-AADE-4203-AE1B-97CC71744CEC}.Release|Any CPU.ActiveCfg = Release|Any CPU
		{353687AC-AADE-4203-AE1B-97CC71744CEC}.Release|Any CPU.Build.0 = Release|Any CPU
		{456BDE1A-448F-4112-9D22-FB72D251AB51}.Debug|Any CPU.ActiveCfg = Debug|Any CPU
		{456BDE1A-448F-4112-9D22-FB72D251AB51}.Debug|Any CPU.Build.0 = Debug|Any CPU
		{456BDE1A-448F-4112-9D22-FB72D251AB51}.Release|Any CPU.ActiveCfg = Release|Any CPU
		{456BDE1A-448F-4112-9D22-FB72D251AB51}.Release|Any CPU.Build.0 = Release|Any CPU
	EndGlobalSection
	GlobalSection(SolutionProperties) = preSolution
		HideSolutionNode = FALSE
	EndGlobalSection
	GlobalSection(ExtensibilityGlobals) = postSolution
		SolutionGuid = {FC485D13-AD5D-4FA1-ABA1-5DC09F5D9863}
	EndGlobalSection
EndGlobal
