
Microsoft Visual Studio Solution File, Format Version 12.00
# Visual Studio Version 16
VisualStudioVersion = 16.0.30717.126
MinimumVisualStudioVersion = 10.0.40219.1
Project("{9A19103F-16F7-4668-BE54-9A1E7A4F7556}") = "C-SHARP", "C-SHARP\C-SHARP.csproj", "{8896774C-92F9-4D0F-A949-5A126C18B507}"
EndProject
Project("{9A19103F-16F7-4668-BE54-9A1E7A4F7556}") = "Interfaces", "Interfaces\Interfaces.csproj", "{F83A12FC-01D8-4830-826E-53BEEE6BF139}"
EndProject
Project("{9A19103F-16F7-4668-BE54-9A1E7A4F7556}") = "InterfaceDemo", "InterfaceDemo\InterfaceDemo.csproj", "{27F8DFE2-28F6-4E6B-9A08-7B7852EAF8BB}"
EndProject
Project("{9A19103F-16F7-4668-BE54-9A1E7A4F7556}") = "Inheritance", "Inheritance\Inheritance.csproj", "{569EDD93-EACD-470B-9C53-45B47F8C8437}"
EndProject
Project("{9A19103F-16F7-4668-BE54-9A1E7A4F7556}") = "VirtualMethods", "VirtualMethods\VirtualMethods.csproj", "{9EFD5C14-DA2F-4B96-96AA-DD7CF75CA58E}"
EndProject
Project("{9A19103F-16F7-4668-BE54-9A1E7A4F7556}") = "AbstractClass", "AbstractClass\AbstractClass.csproj", "{0532E2EA-FC6C-427F-B511-07F238A1807E}"
EndProject
Project("{9A19103F-16F7-4668-BE54-9A1E7A4F7556}") = "RecapDemo", "RecapDemo\RecapDemo.csproj", "{9B523748-2DC4-49F4-ADA3-ADD1D77DBBD5}"
EndProject
Project("{9A19103F-16F7-4668-BE54-9A1E7A4F7556}") = "AccessModiFiers", "AccessModiFiers\AccessModiFiers.csproj", "{F510459B-E289-40ED-811A-412E42E68010}"
EndProject
Project("{9A19103F-16F7-4668-BE54-9A1E7A4F7556}") = "Constructors", "Constructors\Constructors.csproj", "{8215510F-09E5-497A-B774-46E589945F88}"
EndProject
Project("{9A19103F-16F7-4668-BE54-9A1E7A4F7556}") = "ReferenceAndValueType", "ReferenceAndValueType\ReferenceAndValueType.csproj", "{B288C1FA-558A-4EF6-BAA8-2C818DC3956B}"
EndProject
Project("{9A19103F-16F7-4668-BE54-9A1E7A4F7556}") = "Collection", "Collection\Collection.csproj", "{967D4E85-7B3A-4537-9A29-02B8787D87E9}"
EndProject
Project("{9A19103F-16F7-4668-BE54-9A1E7A4F7556}") = "InterfacesDemo", "InterfacesDemo\InterfacesDemo.csproj", "{9B07E0D3-B8D7-4C81-96FF-4A8AFFD905EC}"
EndProject
Project("{9A19103F-16F7-4668-BE54-9A1E7A4F7556}") = "RecepDemo2", "RecepDemo2\RecepDemo2.csproj", "{7C736BB7-4D9D-4E09-AF48-6FD7FA3C7705}"
EndProject
Project("{9A19103F-16F7-4668-BE54-9A1E7A4F7556}") = "AdoNet", "AdoNet\AdoNet.csproj", "{6004D0E3-021D-4466-A4C1-2474D2964A79}"
EndProject
Project("{FAE04EC0-301F-11D3-BF4B-00C04F79EFBC}") = "EntityFramework", "EntityFramework\EntityFramework.csproj", "{104658FE-4259-478E-A29F-3BD4AB2D76C7}"
EndProject
Project("{9A19103F-16F7-4668-BE54-9A1E7A4F7556}") = "Generics", "Generics\Generics.csproj", "{744E1A31-E05B-45D4-A342-4E905AD7469B}"
EndProject
Project("{9A19103F-16F7-4668-BE54-9A1E7A4F7556}") = "Attributes", "Attributes\Attributes.csproj", "{A3726ABF-7B57-4CBD-805D-C9FE8386B4C2}"
EndProject
Project("{9A19103F-16F7-4668-BE54-9A1E7A4F7556}") = "Reflection", "Reflection\Reflection.csproj", "{AB537EB5-990A-47F8-BD79-2B409C21A316}"
EndProject
Project("{9A19103F-16F7-4668-BE54-9A1E7A4F7556}") = "Delegates", "Delegates\Delegates.csproj", "{166AD40C-673B-4189-9B86-F4402A90BA90}"
EndProject
Project("{9A19103F-16F7-4668-BE54-9A1E7A4F7556}") = "Events", "Events\Events.csproj", "{F91F08B7-DB9C-4BE3-8B43-A405C1EF1393}"
EndProject
Project("{FAE04EC0-301F-11D3-BF4B-00C04F79EFBC}") = "RecepProjectDem1", "RecepProjectDem1\RecepProjectDem1.csproj", "{50305EA7-7EF7-43CD-98DF-0785327B431F}"
EndProject
Global
	GlobalSection(SolutionConfigurationPlatforms) = preSolution
		Debug|Any CPU = Debug|Any CPU
		Release|Any CPU = Release|Any CPU
	EndGlobalSection
	GlobalSection(ProjectConfigurationPlatforms) = postSolution
		{8896774C-92F9-4D0F-A949-5A126C18B507}.Debug|Any CPU.ActiveCfg = Debug|Any CPU
		{8896774C-92F9-4D0F-A949-5A126C18B507}.Debug|Any CPU.Build.0 = Debug|Any CPU
		{8896774C-92F9-4D0F-A949-5A126C18B507}.Release|Any CPU.ActiveCfg = Release|Any CPU
		{8896774C-92F9-4D0F-A949-5A126C18B507}.Release|Any CPU.Build.0 = Release|Any CPU
		{F83A12FC-01D8-4830-826E-53BEEE6BF139}.Debug|Any CPU.ActiveCfg = Debug|Any CPU
		{F83A12FC-01D8-4830-826E-53BEEE6BF139}.Debug|Any CPU.Build.0 = Debug|Any CPU
		{F83A12FC-01D8-4830-826E-53BEEE6BF139}.Release|Any CPU.ActiveCfg = Release|Any CPU
		{F83A12FC-01D8-4830-826E-53BEEE6BF139}.Release|Any CPU.Build.0 = Release|Any CPU
		{27F8DFE2-28F6-4E6B-9A08-7B7852EAF8BB}.Debug|Any CPU.ActiveCfg = Debug|Any CPU
		{27F8DFE2-28F6-4E6B-9A08-7B7852EAF8BB}.Debug|Any CPU.Build.0 = Debug|Any CPU
		{27F8DFE2-28F6-4E6B-9A08-7B7852EAF8BB}.Release|Any CPU.ActiveCfg = Release|Any CPU
		{27F8DFE2-28F6-4E6B-9A08-7B7852EAF8BB}.Release|Any CPU.Build.0 = Release|Any CPU
		{569EDD93-EACD-470B-9C53-45B47F8C8437}.Debug|Any CPU.ActiveCfg = Debug|Any CPU
		{569EDD93-EACD-470B-9C53-45B47F8C8437}.Debug|Any CPU.Build.0 = Debug|Any CPU
		{569EDD93-EACD-470B-9C53-45B47F8C8437}.Release|Any CPU.ActiveCfg = Release|Any CPU
		{569EDD93-EACD-470B-9C53-45B47F8C8437}.Release|Any CPU.Build.0 = Release|Any CPU
		{9EFD5C14-DA2F-4B96-96AA-DD7CF75CA58E}.Debug|Any CPU.ActiveCfg = Debug|Any CPU
		{9EFD5C14-DA2F-4B96-96AA-DD7CF75CA58E}.Debug|Any CPU.Build.0 = Debug|Any CPU
		{9EFD5C14-DA2F-4B96-96AA-DD7CF75CA58E}.Release|Any CPU.ActiveCfg = Release|Any CPU
		{9EFD5C14-DA2F-4B96-96AA-DD7CF75CA58E}.Release|Any CPU.Build.0 = Release|Any CPU
		{0532E2EA-FC6C-427F-B511-07F238A1807E}.Debug|Any CPU.ActiveCfg = Debug|Any CPU
		{0532E2EA-FC6C-427F-B511-07F238A1807E}.Debug|Any CPU.Build.0 = Debug|Any CPU
		{0532E2EA-FC6C-427F-B511-07F238A1807E}.Release|Any CPU.ActiveCfg = Release|Any CPU
		{0532E2EA-FC6C-427F-B511-07F238A1807E}.Release|Any CPU.Build.0 = Release|Any CPU
		{9B523748-2DC4-49F4-ADA3-ADD1D77DBBD5}.Debug|Any CPU.ActiveCfg = Debug|Any CPU
		{9B523748-2DC4-49F4-ADA3-ADD1D77DBBD5}.Debug|Any CPU.Build.0 = Debug|Any CPU
		{9B523748-2DC4-49F4-ADA3-ADD1D77DBBD5}.Release|Any CPU.ActiveCfg = Release|Any CPU
		{9B523748-2DC4-49F4-ADA3-ADD1D77DBBD5}.Release|Any CPU.Build.0 = Release|Any CPU
		{F510459B-E289-40ED-811A-412E42E68010}.Debug|Any CPU.ActiveCfg = Debug|Any CPU
		{F510459B-E289-40ED-811A-412E42E68010}.Debug|Any CPU.Build.0 = Debug|Any CPU
		{F510459B-E289-40ED-811A-412E42E68010}.Release|Any CPU.ActiveCfg = Release|Any CPU
		{F510459B-E289-40ED-811A-412E42E68010}.Release|Any CPU.Build.0 = Release|Any CPU
		{8215510F-09E5-497A-B774-46E589945F88}.Debug|Any CPU.ActiveCfg = Debug|Any CPU
		{8215510F-09E5-497A-B774-46E589945F88}.Debug|Any CPU.Build.0 = Debug|Any CPU
		{8215510F-09E5-497A-B774-46E589945F88}.Release|Any CPU.ActiveCfg = Release|Any CPU
		{8215510F-09E5-497A-B774-46E589945F88}.Release|Any CPU.Build.0 = Release|Any CPU
		{B288C1FA-558A-4EF6-BAA8-2C818DC3956B}.Debug|Any CPU.ActiveCfg = Debug|Any CPU
		{B288C1FA-558A-4EF6-BAA8-2C818DC3956B}.Debug|Any CPU.Build.0 = Debug|Any CPU
		{B288C1FA-558A-4EF6-BAA8-2C818DC3956B}.Release|Any CPU.ActiveCfg = Release|Any CPU
		{B288C1FA-558A-4EF6-BAA8-2C818DC3956B}.Release|Any CPU.Build.0 = Release|Any CPU
		{967D4E85-7B3A-4537-9A29-02B8787D87E9}.Debug|Any CPU.ActiveCfg = Debug|Any CPU
		{967D4E85-7B3A-4537-9A29-02B8787D87E9}.Debug|Any CPU.Build.0 = Debug|Any CPU
		{967D4E85-7B3A-4537-9A29-02B8787D87E9}.Release|Any CPU.ActiveCfg = Release|Any CPU
		{967D4E85-7B3A-4537-9A29-02B8787D87E9}.Release|Any CPU.Build.0 = Release|Any CPU
		{9B07E0D3-B8D7-4C81-96FF-4A8AFFD905EC}.Debug|Any CPU.ActiveCfg = Debug|Any CPU
		{9B07E0D3-B8D7-4C81-96FF-4A8AFFD905EC}.Debug|Any CPU.Build.0 = Debug|Any CPU
		{9B07E0D3-B8D7-4C81-96FF-4A8AFFD905EC}.Release|Any CPU.ActiveCfg = Release|Any CPU
		{9B07E0D3-B8D7-4C81-96FF-4A8AFFD905EC}.Release|Any CPU.Build.0 = Release|Any CPU
		{7C736BB7-4D9D-4E09-AF48-6FD7FA3C7705}.Debug|Any CPU.ActiveCfg = Debug|Any CPU
		{7C736BB7-4D9D-4E09-AF48-6FD7FA3C7705}.Debug|Any CPU.Build.0 = Debug|Any CPU
		{7C736BB7-4D9D-4E09-AF48-6FD7FA3C7705}.Release|Any CPU.ActiveCfg = Release|Any CPU
		{7C736BB7-4D9D-4E09-AF48-6FD7FA3C7705}.Release|Any CPU.Build.0 = Release|Any CPU
		{6004D0E3-021D-4466-A4C1-2474D2964A79}.Debug|Any CPU.ActiveCfg = Debug|Any CPU
		{6004D0E3-021D-4466-A4C1-2474D2964A79}.Debug|Any CPU.Build.0 = Debug|Any CPU
		{6004D0E3-021D-4466-A4C1-2474D2964A79}.Release|Any CPU.ActiveCfg = Release|Any CPU
		{6004D0E3-021D-4466-A4C1-2474D2964A79}.Release|Any CPU.Build.0 = Release|Any CPU
		{104658FE-4259-478E-A29F-3BD4AB2D76C7}.Debug|Any CPU.ActiveCfg = Debug|Any CPU
		{104658FE-4259-478E-A29F-3BD4AB2D76C7}.Debug|Any CPU.Build.0 = Debug|Any CPU
		{104658FE-4259-478E-A29F-3BD4AB2D76C7}.Release|Any CPU.ActiveCfg = Release|Any CPU
		{104658FE-4259-478E-A29F-3BD4AB2D76C7}.Release|Any CPU.Build.0 = Release|Any CPU
		{744E1A31-E05B-45D4-A342-4E905AD7469B}.Debug|Any CPU.ActiveCfg = Debug|Any CPU
		{744E1A31-E05B-45D4-A342-4E905AD7469B}.Debug|Any CPU.Build.0 = Debug|Any CPU
		{744E1A31-E05B-45D4-A342-4E905AD7469B}.Release|Any CPU.ActiveCfg = Release|Any CPU
		{744E1A31-E05B-45D4-A342-4E905AD7469B}.Release|Any CPU.Build.0 = Release|Any CPU
		{A3726ABF-7B57-4CBD-805D-C9FE8386B4C2}.Debug|Any CPU.ActiveCfg = Debug|Any CPU
		{A3726ABF-7B57-4CBD-805D-C9FE8386B4C2}.Debug|Any CPU.Build.0 = Debug|Any CPU
		{A3726ABF-7B57-4CBD-805D-C9FE8386B4C2}.Release|Any CPU.ActiveCfg = Release|Any CPU
		{A3726ABF-7B57-4CBD-805D-C9FE8386B4C2}.Release|Any CPU.Build.0 = Release|Any CPU
		{AB537EB5-990A-47F8-BD79-2B409C21A316}.Debug|Any CPU.ActiveCfg = Debug|Any CPU
		{AB537EB5-990A-47F8-BD79-2B409C21A316}.Debug|Any CPU.Build.0 = Debug|Any CPU
		{AB537EB5-990A-47F8-BD79-2B409C21A316}.Release|Any CPU.ActiveCfg = Release|Any CPU
		{AB537EB5-990A-47F8-BD79-2B409C21A316}.Release|Any CPU.Build.0 = Release|Any CPU
		{166AD40C-673B-4189-9B86-F4402A90BA90}.Debug|Any CPU.ActiveCfg = Debug|Any CPU
		{166AD40C-673B-4189-9B86-F4402A90BA90}.Debug|Any CPU.Build.0 = Debug|Any CPU
		{166AD40C-673B-4189-9B86-F4402A90BA90}.Release|Any CPU.ActiveCfg = Release|Any CPU
		{166AD40C-673B-4189-9B86-F4402A90BA90}.Release|Any CPU.Build.0 = Release|Any CPU
		{F91F08B7-DB9C-4BE3-8B43-A405C1EF1393}.Debug|Any CPU.ActiveCfg = Debug|Any CPU
		{F91F08B7-DB9C-4BE3-8B43-A405C1EF1393}.Debug|Any CPU.Build.0 = Debug|Any CPU
		{F91F08B7-DB9C-4BE3-8B43-A405C1EF1393}.Release|Any CPU.ActiveCfg = Release|Any CPU
		{F91F08B7-DB9C-4BE3-8B43-A405C1EF1393}.Release|Any CPU.Build.0 = Release|Any CPU
		{50305EA7-7EF7-43CD-98DF-0785327B431F}.Debug|Any CPU.ActiveCfg = Debug|Any CPU
		{50305EA7-7EF7-43CD-98DF-0785327B431F}.Debug|Any CPU.Build.0 = Debug|Any CPU
		{50305EA7-7EF7-43CD-98DF-0785327B431F}.Release|Any CPU.ActiveCfg = Release|Any CPU
		{50305EA7-7EF7-43CD-98DF-0785327B431F}.Release|Any CPU.Build.0 = Release|Any CPU
	EndGlobalSection
	GlobalSection(SolutionProperties) = preSolution
		HideSolutionNode = FALSE
	EndGlobalSection
	GlobalSection(ExtensibilityGlobals) = postSolution
		SolutionGuid = {3352818E-BBB7-48BB-BBA8-D895E9E53239}
	EndGlobalSection
EndGlobal
