
Microsoft Visual Studio Solution File, Format Version 12.00
# Visual Studio Version 16
VisualStudioVersion = 16.0.31410.357
MinimumVisualStudioVersion = 10.0.40219.1
Project("{FAE04EC0-301F-11D3-BF4B-00C04F79EFBC}") = "RecapProject11", "RecapProject11\RecapProject11.csproj", "{3900F400-0285-492A-944C-84B7B215341E}"
EndProject
Global
	GlobalSection(SolutionConfigurationPlatforms) = preSolution
		Debug|Any CPU = Debug|Any CPU
		Release|Any CPU = Release|Any CPU
	EndGlobalSection
	GlobalSection(ProjectConfigurationPlatforms) = postSolution
		{3900F400-0285-492A-944C-84B7B215341E}.Debug|Any CPU.ActiveCfg = Debug|Any CPU
		{3900F400-0285-492A-944C-84B7B215341E}.Debug|Any CPU.Build.0 = Debug|Any CPU
		{3900F400-0285-492A-944C-84B7B215341E}.Release|Any CPU.ActiveCfg = Release|Any CPU
		{3900F400-0285-492A-944C-84B7B215341E}.Release|Any CPU.Build.0 = Release|Any CPU
	EndGlobalSection
	GlobalSection(SolutionProperties) = preSolution
		HideSolutionNode = FALSE
	EndGlobalSection
	GlobalSection(ExtensibilityGlobals) = postSolution
		SolutionGuid = {18FA0D26-1915-4B9F-B4CA-23918A5CDAA1}
	EndGlobalSection
EndGlobal
